# This file is automatically @generated by Poetry 1.7.1 and should not be changed by hand.

[[package]]
name = "appdirs"
version = "1.1.0"
description = "A small Python module for determining appropriate platform-specific dirs, e.g. a \"user data dir\"."
optional = false
python-versions = "*"
files = [
    {file = "appdirs-1.1.0.zip", hash = "sha256:93d276d378ecabe567a13a3a0d3a23b155dbb8a762a95acab75b2c111acb420b"},
]

[[package]]
name = "autograd"
version = "1.3"
description = "Efficiently computes derivatives of numpy code."
optional = false
python-versions = "*"
files = [
    {file = "autograd-1.3.tar.gz", hash = "sha256:a15d147577e10de037de3740ca93bfa3b5a7cdfbc34cfb9105429c3580a33ec4"},
]

[package.dependencies]
future = ">=0.15.2"
numpy = ">=1.12"

[[package]]
name = "autoray"
version = "0.6.7"
description = "Abstract your array operations."
optional = false
python-versions = ">=3.8"
files = [
    {file = "autoray-0.6.7-py3-none-any.whl", hash = "sha256:7372d416b018c49a62d23e1e2566dee7fa5aa59a1b43fa7501d7d071b50ae481"},
    {file = "autoray-0.6.7.tar.gz", hash = "sha256:8945cfdf3aa8a35f9fe1abc03d84925db61f58bbd386623206dd8e9ba1d9e377"},
]

[package.extras]
docs = ["furo", "ipython (!=8.7.0)", "myst-nb", "setuptools-scm", "sphinx (>=2.0)", "sphinx-autoapi", "sphinx-copybutton"]
tests = ["coverage", "numpy", "pytest", "pytest-cov"]

[[package]]
name = "cachetools"
version = "5.3.2"
description = "Extensible memoizing collections and decorators"
optional = false
python-versions = ">=3.7"
files = [
    {file = "cachetools-5.3.2-py3-none-any.whl", hash = "sha256:861f35a13a451f94e301ce2bec7cac63e881232ccce7ed67fab9b5df4d3beaa1"},
    {file = "cachetools-5.3.2.tar.gz", hash = "sha256:086ee420196f7b2ab9ca2db2520aca326318b68fe5ba8bc4d49cca91add450f2"},
]

[[package]]
name = "certifi"
version = "2023.11.17"
description = "Python package for providing Mozilla's CA Bundle."
optional = false
python-versions = ">=3.6"
files = [
    {file = "certifi-2023.11.17-py3-none-any.whl", hash = "sha256:e036ab49d5b79556f99cfc2d9320b34cfbe5be05c5871b51de9329f0603b0474"},
    {file = "certifi-2023.11.17.tar.gz", hash = "sha256:9b469f3a900bf28dc19b8cfbf8019bf47f7fdd1a65a1d4ffb98fc14166beb4d1"},
]

[[package]]
name = "charset-normalizer"
version = "3.3.2"
description = "The Real First Universal Charset Detector. Open, modern and actively maintained alternative to Chardet."
optional = false
python-versions = ">=3.7.0"
files = [
    {file = "charset-normalizer-3.3.2.tar.gz", hash = "sha256:f30c3cb33b24454a82faecaf01b19c18562b1e89558fb6c56de4d9118a032fd5"},
    {file = "charset_normalizer-3.3.2-cp310-cp310-macosx_10_9_universal2.whl", hash = "sha256:25baf083bf6f6b341f4121c2f3c548875ee6f5339300e08be3f2b2ba1721cdd3"},
    {file = "charset_normalizer-3.3.2-cp310-cp310-macosx_10_9_x86_64.whl", hash = "sha256:06435b539f889b1f6f4ac1758871aae42dc3a8c0e24ac9e60c2384973ad73027"},
    {file = "charset_normalizer-3.3.2-cp310-cp310-macosx_11_0_arm64.whl", hash = "sha256:9063e24fdb1e498ab71cb7419e24622516c4a04476b17a2dab57e8baa30d6e03"},
    {file = "charset_normalizer-3.3.2-cp310-cp310-manylinux_2_17_aarch64.manylinux2014_aarch64.whl", hash = "sha256:6897af51655e3691ff853668779c7bad41579facacf5fd7253b0133308cf000d"},
    {file = "charset_normalizer-3.3.2-cp310-cp310-manylinux_2_17_ppc64le.manylinux2014_ppc64le.whl", hash = "sha256:1d3193f4a680c64b4b6a9115943538edb896edc190f0b222e73761716519268e"},
    {file = "charset_normalizer-3.3.2-cp310-cp310-manylinux_2_17_s390x.manylinux2014_s390x.whl", hash = "sha256:cd70574b12bb8a4d2aaa0094515df2463cb429d8536cfb6c7ce983246983e5a6"},
    {file = "charset_normalizer-3.3.2-cp310-cp310-manylinux_2_17_x86_64.manylinux2014_x86_64.whl", hash = "sha256:8465322196c8b4d7ab6d1e049e4c5cb460d0394da4a27d23cc242fbf0034b6b5"},
    {file = "charset_normalizer-3.3.2-cp310-cp310-manylinux_2_5_i686.manylinux1_i686.manylinux_2_17_i686.manylinux2014_i686.whl", hash = "sha256:a9a8e9031d613fd2009c182b69c7b2c1ef8239a0efb1df3f7c8da66d5dd3d537"},
    {file = "charset_normalizer-3.3.2-cp310-cp310-musllinux_1_1_aarch64.whl", hash = "sha256:beb58fe5cdb101e3a055192ac291b7a21e3b7ef4f67fa1d74e331a7f2124341c"},
    {file = "charset_normalizer-3.3.2-cp310-cp310-musllinux_1_1_i686.whl", hash = "sha256:e06ed3eb3218bc64786f7db41917d4e686cc4856944f53d5bdf83a6884432e12"},
    {file = "charset_normalizer-3.3.2-cp310-cp310-musllinux_1_1_ppc64le.whl", hash = "sha256:2e81c7b9c8979ce92ed306c249d46894776a909505d8f5a4ba55b14206e3222f"},
    {file = "charset_normalizer-3.3.2-cp310-cp310-musllinux_1_1_s390x.whl", hash = "sha256:572c3763a264ba47b3cf708a44ce965d98555f618ca42c926a9c1616d8f34269"},
    {file = "charset_normalizer-3.3.2-cp310-cp310-musllinux_1_1_x86_64.whl", hash = "sha256:fd1abc0d89e30cc4e02e4064dc67fcc51bd941eb395c502aac3ec19fab46b519"},
    {file = "charset_normalizer-3.3.2-cp310-cp310-win32.whl", hash = "sha256:3d47fa203a7bd9c5b6cee4736ee84ca03b8ef23193c0d1ca99b5089f72645c73"},
    {file = "charset_normalizer-3.3.2-cp310-cp310-win_amd64.whl", hash = "sha256:10955842570876604d404661fbccbc9c7e684caf432c09c715ec38fbae45ae09"},
    {file = "charset_normalizer-3.3.2-cp311-cp311-macosx_10_9_universal2.whl", hash = "sha256:802fe99cca7457642125a8a88a084cef28ff0cf9407060f7b93dca5aa25480db"},
    {file = "charset_normalizer-3.3.2-cp311-cp311-macosx_10_9_x86_64.whl", hash = "sha256:573f6eac48f4769d667c4442081b1794f52919e7edada77495aaed9236d13a96"},
    {file = "charset_normalizer-3.3.2-cp311-cp311-macosx_11_0_arm64.whl", hash = "sha256:549a3a73da901d5bc3ce8d24e0600d1fa85524c10287f6004fbab87672bf3e1e"},
    {file = "charset_normalizer-3.3.2-cp311-cp311-manylinux_2_17_aarch64.manylinux2014_aarch64.whl", hash = "sha256:f27273b60488abe721a075bcca6d7f3964f9f6f067c8c4c605743023d7d3944f"},
    {file = "charset_normalizer-3.3.2-cp311-cp311-manylinux_2_17_ppc64le.manylinux2014_ppc64le.whl", hash = "sha256:1ceae2f17a9c33cb48e3263960dc5fc8005351ee19db217e9b1bb15d28c02574"},
    {file = "charset_normalizer-3.3.2-cp311-cp311-manylinux_2_17_s390x.manylinux2014_s390x.whl", hash = "sha256:65f6f63034100ead094b8744b3b97965785388f308a64cf8d7c34f2f2e5be0c4"},
    {file = "charset_normalizer-3.3.2-cp311-cp311-manylinux_2_17_x86_64.manylinux2014_x86_64.whl", hash = "sha256:753f10e867343b4511128c6ed8c82f7bec3bd026875576dfd88483c5c73b2fd8"},
    {file = "charset_normalizer-3.3.2-cp311-cp311-manylinux_2_5_i686.manylinux1_i686.manylinux_2_17_i686.manylinux2014_i686.whl", hash = "sha256:4a78b2b446bd7c934f5dcedc588903fb2f5eec172f3d29e52a9096a43722adfc"},
    {file = "charset_normalizer-3.3.2-cp311-cp311-musllinux_1_1_aarch64.whl", hash = "sha256:e537484df0d8f426ce2afb2d0f8e1c3d0b114b83f8850e5f2fbea0e797bd82ae"},
    {file = "charset_normalizer-3.3.2-cp311-cp311-musllinux_1_1_i686.whl", hash = "sha256:eb6904c354526e758fda7167b33005998fb68c46fbc10e013ca97f21ca5c8887"},
    {file = "charset_normalizer-3.3.2-cp311-cp311-musllinux_1_1_ppc64le.whl", hash = "sha256:deb6be0ac38ece9ba87dea880e438f25ca3eddfac8b002a2ec3d9183a454e8ae"},
    {file = "charset_normalizer-3.3.2-cp311-cp311-musllinux_1_1_s390x.whl", hash = "sha256:4ab2fe47fae9e0f9dee8c04187ce5d09f48eabe611be8259444906793ab7cbce"},
    {file = "charset_normalizer-3.3.2-cp311-cp311-musllinux_1_1_x86_64.whl", hash = "sha256:80402cd6ee291dcb72644d6eac93785fe2c8b9cb30893c1af5b8fdd753b9d40f"},
    {file = "charset_normalizer-3.3.2-cp311-cp311-win32.whl", hash = "sha256:7cd13a2e3ddeed6913a65e66e94b51d80a041145a026c27e6bb76c31a853c6ab"},
    {file = "charset_normalizer-3.3.2-cp311-cp311-win_amd64.whl", hash = "sha256:663946639d296df6a2bb2aa51b60a2454ca1cb29835324c640dafb5ff2131a77"},
    {file = "charset_normalizer-3.3.2-cp312-cp312-macosx_10_9_universal2.whl", hash = "sha256:0b2b64d2bb6d3fb9112bafa732def486049e63de9618b5843bcdd081d8144cd8"},
    {file = "charset_normalizer-3.3.2-cp312-cp312-macosx_10_9_x86_64.whl", hash = "sha256:ddbb2551d7e0102e7252db79ba445cdab71b26640817ab1e3e3648dad515003b"},
    {file = "charset_normalizer-3.3.2-cp312-cp312-macosx_11_0_arm64.whl", hash = "sha256:55086ee1064215781fff39a1af09518bc9255b50d6333f2e4c74ca09fac6a8f6"},
    {file = "charset_normalizer-3.3.2-cp312-cp312-manylinux_2_17_aarch64.manylinux2014_aarch64.whl", hash = "sha256:8f4a014bc36d3c57402e2977dada34f9c12300af536839dc38c0beab8878f38a"},
    {file = "charset_normalizer-3.3.2-cp312-cp312-manylinux_2_17_ppc64le.manylinux2014_ppc64le.whl", hash = "sha256:a10af20b82360ab00827f916a6058451b723b4e65030c5a18577c8b2de5b3389"},
    {file = "charset_normalizer-3.3.2-cp312-cp312-manylinux_2_17_s390x.manylinux2014_s390x.whl", hash = "sha256:8d756e44e94489e49571086ef83b2bb8ce311e730092d2c34ca8f7d925cb20aa"},
    {file = "charset_normalizer-3.3.2-cp312-cp312-manylinux_2_17_x86_64.manylinux2014_x86_64.whl", hash = "sha256:90d558489962fd4918143277a773316e56c72da56ec7aa3dc3dbbe20fdfed15b"},
    {file = "charset_normalizer-3.3.2-cp312-cp312-manylinux_2_5_i686.manylinux1_i686.manylinux_2_17_i686.manylinux2014_i686.whl", hash = "sha256:6ac7ffc7ad6d040517be39eb591cac5ff87416c2537df6ba3cba3bae290c0fed"},
    {file = "charset_normalizer-3.3.2-cp312-cp312-musllinux_1_1_aarch64.whl", hash = "sha256:7ed9e526742851e8d5cc9e6cf41427dfc6068d4f5a3bb03659444b4cabf6bc26"},
    {file = "charset_normalizer-3.3.2-cp312-cp312-musllinux_1_1_i686.whl", hash = "sha256:8bdb58ff7ba23002a4c5808d608e4e6c687175724f54a5dade5fa8c67b604e4d"},
    {file = "charset_normalizer-3.3.2-cp312-cp312-musllinux_1_1_ppc64le.whl", hash = "sha256:6b3251890fff30ee142c44144871185dbe13b11bab478a88887a639655be1068"},
    {file = "charset_normalizer-3.3.2-cp312-cp312-musllinux_1_1_s390x.whl", hash = "sha256:b4a23f61ce87adf89be746c8a8974fe1c823c891d8f86eb218bb957c924bb143"},
    {file = "charset_normalizer-3.3.2-cp312-cp312-musllinux_1_1_x86_64.whl", hash = "sha256:efcb3f6676480691518c177e3b465bcddf57cea040302f9f4e6e191af91174d4"},
    {file = "charset_normalizer-3.3.2-cp312-cp312-win32.whl", hash = "sha256:d965bba47ddeec8cd560687584e88cf699fd28f192ceb452d1d7ee807c5597b7"},
    {file = "charset_normalizer-3.3.2-cp312-cp312-win_amd64.whl", hash = "sha256:96b02a3dc4381e5494fad39be677abcb5e6634bf7b4fa83a6dd3112607547001"},
    {file = "charset_normalizer-3.3.2-cp37-cp37m-macosx_10_9_x86_64.whl", hash = "sha256:95f2a5796329323b8f0512e09dbb7a1860c46a39da62ecb2324f116fa8fdc85c"},
    {file = "charset_normalizer-3.3.2-cp37-cp37m-manylinux_2_17_aarch64.manylinux2014_aarch64.whl", hash = "sha256:c002b4ffc0be611f0d9da932eb0f704fe2602a9a949d1f738e4c34c75b0863d5"},
    {file = "charset_normalizer-3.3.2-cp37-cp37m-manylinux_2_17_ppc64le.manylinux2014_ppc64le.whl", hash = "sha256:a981a536974bbc7a512cf44ed14938cf01030a99e9b3a06dd59578882f06f985"},
    {file = "charset_normalizer-3.3.2-cp37-cp37m-manylinux_2_17_s390x.manylinux2014_s390x.whl", hash = "sha256:3287761bc4ee9e33561a7e058c72ac0938c4f57fe49a09eae428fd88aafe7bb6"},
    {file = "charset_normalizer-3.3.2-cp37-cp37m-manylinux_2_17_x86_64.manylinux2014_x86_64.whl", hash = "sha256:42cb296636fcc8b0644486d15c12376cb9fa75443e00fb25de0b8602e64c1714"},
    {file = "charset_normalizer-3.3.2-cp37-cp37m-manylinux_2_5_i686.manylinux1_i686.manylinux_2_17_i686.manylinux2014_i686.whl", hash = "sha256:0a55554a2fa0d408816b3b5cedf0045f4b8e1a6065aec45849de2d6f3f8e9786"},
    {file = "charset_normalizer-3.3.2-cp37-cp37m-musllinux_1_1_aarch64.whl", hash = "sha256:c083af607d2515612056a31f0a8d9e0fcb5876b7bfc0abad3ecd275bc4ebc2d5"},
    {file = "charset_normalizer-3.3.2-cp37-cp37m-musllinux_1_1_i686.whl", hash = "sha256:87d1351268731db79e0f8e745d92493ee2841c974128ef629dc518b937d9194c"},
    {file = "charset_normalizer-3.3.2-cp37-cp37m-musllinux_1_1_ppc64le.whl", hash = "sha256:bd8f7df7d12c2db9fab40bdd87a7c09b1530128315d047a086fa3ae3435cb3a8"},
    {file = "charset_normalizer-3.3.2-cp37-cp37m-musllinux_1_1_s390x.whl", hash = "sha256:c180f51afb394e165eafe4ac2936a14bee3eb10debc9d9e4db8958fe36afe711"},
    {file = "charset_normalizer-3.3.2-cp37-cp37m-musllinux_1_1_x86_64.whl", hash = "sha256:8c622a5fe39a48f78944a87d4fb8a53ee07344641b0562c540d840748571b811"},
    {file = "charset_normalizer-3.3.2-cp37-cp37m-win32.whl", hash = "sha256:db364eca23f876da6f9e16c9da0df51aa4f104a972735574842618b8c6d999d4"},
    {file = "charset_normalizer-3.3.2-cp37-cp37m-win_amd64.whl", hash = "sha256:86216b5cee4b06df986d214f664305142d9c76df9b6512be2738aa72a2048f99"},
    {file = "charset_normalizer-3.3.2-cp38-cp38-macosx_10_9_universal2.whl", hash = "sha256:6463effa3186ea09411d50efc7d85360b38d5f09b870c48e4600f63af490e56a"},
    {file = "charset_normalizer-3.3.2-cp38-cp38-macosx_10_9_x86_64.whl", hash = "sha256:6c4caeef8fa63d06bd437cd4bdcf3ffefe6738fb1b25951440d80dc7df8c03ac"},
    {file = "charset_normalizer-3.3.2-cp38-cp38-macosx_11_0_arm64.whl", hash = "sha256:37e55c8e51c236f95b033f6fb391d7d7970ba5fe7ff453dad675e88cf303377a"},
    {file = "charset_normalizer-3.3.2-cp38-cp38-manylinux_2_17_aarch64.manylinux2014_aarch64.whl", hash = "sha256:fb69256e180cb6c8a894fee62b3afebae785babc1ee98b81cdf68bbca1987f33"},
    {file = "charset_normalizer-3.3.2-cp38-cp38-manylinux_2_17_ppc64le.manylinux2014_ppc64le.whl", hash = "sha256:ae5f4161f18c61806f411a13b0310bea87f987c7d2ecdbdaad0e94eb2e404238"},
    {file = "charset_normalizer-3.3.2-cp38-cp38-manylinux_2_17_s390x.manylinux2014_s390x.whl", hash = "sha256:b2b0a0c0517616b6869869f8c581d4eb2dd83a4d79e0ebcb7d373ef9956aeb0a"},
    {file = "charset_normalizer-3.3.2-cp38-cp38-manylinux_2_17_x86_64.manylinux2014_x86_64.whl", hash = "sha256:45485e01ff4d3630ec0d9617310448a8702f70e9c01906b0d0118bdf9d124cf2"},
    {file = "charset_normalizer-3.3.2-cp38-cp38-manylinux_2_5_i686.manylinux1_i686.manylinux_2_17_i686.manylinux2014_i686.whl", hash = "sha256:eb00ed941194665c332bf8e078baf037d6c35d7c4f3102ea2d4f16ca94a26dc8"},
    {file = "charset_normalizer-3.3.2-cp38-cp38-musllinux_1_1_aarch64.whl", hash = "sha256:2127566c664442652f024c837091890cb1942c30937add288223dc895793f898"},
    {file = "charset_normalizer-3.3.2-cp38-cp38-musllinux_1_1_i686.whl", hash = "sha256:a50aebfa173e157099939b17f18600f72f84eed3049e743b68ad15bd69b6bf99"},
    {file = "charset_normalizer-3.3.2-cp38-cp38-musllinux_1_1_ppc64le.whl", hash = "sha256:4d0d1650369165a14e14e1e47b372cfcb31d6ab44e6e33cb2d4e57265290044d"},
    {file = "charset_normalizer-3.3.2-cp38-cp38-musllinux_1_1_s390x.whl", hash = "sha256:923c0c831b7cfcb071580d3f46c4baf50f174be571576556269530f4bbd79d04"},
    {file = "charset_normalizer-3.3.2-cp38-cp38-musllinux_1_1_x86_64.whl", hash = "sha256:06a81e93cd441c56a9b65d8e1d043daeb97a3d0856d177d5c90ba85acb3db087"},
    {file = "charset_normalizer-3.3.2-cp38-cp38-win32.whl", hash = "sha256:6ef1d82a3af9d3eecdba2321dc1b3c238245d890843e040e41e470ffa64c3e25"},
    {file = "charset_normalizer-3.3.2-cp38-cp38-win_amd64.whl", hash = "sha256:eb8821e09e916165e160797a6c17edda0679379a4be5c716c260e836e122f54b"},
    {file = "charset_normalizer-3.3.2-cp39-cp39-macosx_10_9_universal2.whl", hash = "sha256:c235ebd9baae02f1b77bcea61bce332cb4331dc3617d254df3323aa01ab47bd4"},
    {file = "charset_normalizer-3.3.2-cp39-cp39-macosx_10_9_x86_64.whl", hash = "sha256:5b4c145409bef602a690e7cfad0a15a55c13320ff7a3ad7ca59c13bb8ba4d45d"},
    {file = "charset_normalizer-3.3.2-cp39-cp39-macosx_11_0_arm64.whl", hash = "sha256:68d1f8a9e9e37c1223b656399be5d6b448dea850bed7d0f87a8311f1ff3dabb0"},
    {file = "charset_normalizer-3.3.2-cp39-cp39-manylinux_2_17_aarch64.manylinux2014_aarch64.whl", hash = "sha256:22afcb9f253dac0696b5a4be4a1c0f8762f8239e21b99680099abd9b2b1b2269"},
    {file = "charset_normalizer-3.3.2-cp39-cp39-manylinux_2_17_ppc64le.manylinux2014_ppc64le.whl", hash = "sha256:e27ad930a842b4c5eb8ac0016b0a54f5aebbe679340c26101df33424142c143c"},
    {file = "charset_normalizer-3.3.2-cp39-cp39-manylinux_2_17_s390x.manylinux2014_s390x.whl", hash = "sha256:1f79682fbe303db92bc2b1136016a38a42e835d932bab5b3b1bfcfbf0640e519"},
    {file = "charset_normalizer-3.3.2-cp39-cp39-manylinux_2_17_x86_64.manylinux2014_x86_64.whl", hash = "sha256:b261ccdec7821281dade748d088bb6e9b69e6d15b30652b74cbbac25e280b796"},
    {file = "charset_normalizer-3.3.2-cp39-cp39-manylinux_2_5_i686.manylinux1_i686.manylinux_2_17_i686.manylinux2014_i686.whl", hash = "sha256:122c7fa62b130ed55f8f285bfd56d5f4b4a5b503609d181f9ad85e55c89f4185"},
    {file = "charset_normalizer-3.3.2-cp39-cp39-musllinux_1_1_aarch64.whl", hash = "sha256:d0eccceffcb53201b5bfebb52600a5fb483a20b61da9dbc885f8b103cbe7598c"},
    {file = "charset_normalizer-3.3.2-cp39-cp39-musllinux_1_1_i686.whl", hash = "sha256:9f96df6923e21816da7e0ad3fd47dd8f94b2a5ce594e00677c0013018b813458"},
    {file = "charset_normalizer-3.3.2-cp39-cp39-musllinux_1_1_ppc64le.whl", hash = "sha256:7f04c839ed0b6b98b1a7501a002144b76c18fb1c1850c8b98d458ac269e26ed2"},
    {file = "charset_normalizer-3.3.2-cp39-cp39-musllinux_1_1_s390x.whl", hash = "sha256:34d1c8da1e78d2e001f363791c98a272bb734000fcef47a491c1e3b0505657a8"},
    {file = "charset_normalizer-3.3.2-cp39-cp39-musllinux_1_1_x86_64.whl", hash = "sha256:ff8fa367d09b717b2a17a052544193ad76cd49979c805768879cb63d9ca50561"},
    {file = "charset_normalizer-3.3.2-cp39-cp39-win32.whl", hash = "sha256:aed38f6e4fb3f5d6bf81bfa990a07806be9d83cf7bacef998ab1a9bd660a581f"},
    {file = "charset_normalizer-3.3.2-cp39-cp39-win_amd64.whl", hash = "sha256:b01b88d45a6fcb69667cd6d2f7a9aeb4bf53760d7fc536bf679ec94fe9f3ff3d"},
    {file = "charset_normalizer-3.3.2-py3-none-any.whl", hash = "sha256:3e4d1f6587322d2788836a99c69062fbb091331ec940e02d12d179c1d53e25fc"},
]

[[package]]
name = "future"
version = "0.18.3"
description = "Clean single-source support for Python 3 and 2"
optional = false
python-versions = ">=2.6, !=3.0.*, !=3.1.*, !=3.2.*"
files = [
    {file = "future-0.18.3.tar.gz", hash = "sha256:34a17436ed1e96697a86f9de3d15a3b0be01d8bc8de9c1dffd59fb8234ed5307"},
]

[[package]]
name = "idna"
version = "3.6"
description = "Internationalized Domain Names in Applications (IDNA)"
optional = false
python-versions = ">=3.5"
files = [
    {file = "idna-3.6-py3-none-any.whl", hash = "sha256:c05567e9c24a6b9faaa835c4821bad0590fbb9d5779e7caa6e1cc4978e7eb24f"},
    {file = "idna-3.6.tar.gz", hash = "sha256:9ecdbbd083b06798ae1e86adcbfe8ab1479cf864e4ee30fe4e46a003d12491ca"},
]

[[package]]
name = "networkx"
version = "2.6.2"
description = "Python package for creating and manipulating graphs and networks"
optional = false
python-versions = ">=3.7"
files = [
    {file = "networkx-2.6.2-py3-none-any.whl", hash = "sha256:5fcb7004be69e8fbdf07dcb502efa5c77cadcaad6982164134eeb9721f826c2e"},
    {file = "networkx-2.6.2.tar.gz", hash = "sha256:2306f1950ce772c5a59a57f5486d59bb9cab98497c45fc49cbc45ac0dec119bb"},
]

[package.extras]
default = ["matplotlib (>=3.3)", "numpy (>=1.19)", "pandas (>=1.1)", "scipy (>=1.5,!=1.6.1)"]
developer = ["black (==21.5b1)", "pre-commit (>=2.12)"]
doc = ["nb2plots (>=0.6)", "numpydoc (>=1.1)", "pillow (>=8.2)", "pydata-sphinx-theme (>=0.6,<1.0)", "sphinx (>=4.0,<5.0)", "sphinx-gallery (>=0.9,<1.0)", "texext (>=0.6.6)"]
extra = ["lxml (>=4.5)", "pydot (>=1.4.1)", "pygraphviz (>=1.7)"]
test = ["codecov (>=2.1)", "pytest (>=6.2)", "pytest-cov (>=2.12)"]

[[package]]
name = "numpy"
version = "1.16.0"
description = "NumPy is the fundamental package for array computing with Python."
optional = false
python-versions = ">=2.7,!=3.0.*,!=3.1.*,!=3.2.*,!=3.3.*"
files = [
    {file = "numpy-1.16.0-cp27-cp27m-macosx_10_6_intel.macosx_10_9_intel.macosx_10_9_x86_64.macosx_10_10_intel.macosx_10_10_x86_64.whl", hash = "sha256:a80ecac5664f420556a725a5646f2d1c60a7c0489d68a38b5056393e949e27ac"},
    {file = "numpy-1.16.0-cp27-cp27m-manylinux1_i686.whl", hash = "sha256:be43df2c563e264b38e3318574d80fc8f365df3fb745270934d2dbe54e006f41"},
    {file = "numpy-1.16.0-cp27-cp27m-manylinux1_x86_64.whl", hash = "sha256:f00a2c21f60284e024bba351875f3501c6d5817d64997a0afe4f4355161a8889"},
    {file = "numpy-1.16.0-cp27-cp27m-win32.whl", hash = "sha256:5774d49516c37fd3fc1f232e033d2b152f3323ca4c7bfefd7277e4c67f3c08b4"},
    {file = "numpy-1.16.0-cp27-cp27m-win_amd64.whl", hash = "sha256:25600e8901012180a1b7cd1ac3e27e7793586ecd432383191929ac2edf37ff5d"},
    {file = "numpy-1.16.0-cp27-cp27mu-manylinux1_i686.whl", hash = "sha256:803b2af862dcad6c11231ea3cd1015d1293efd6c87088be33d713a9b23e9e419"},
    {file = "numpy-1.16.0-cp27-cp27mu-manylinux1_x86_64.whl", hash = "sha256:24a9c287a4a1c427c2d45bf7c4fc6180c52a08fa0990d4c94e4c86a9b1e23ba5"},
    {file = "numpy-1.16.0-cp35-cp35m-macosx_10_6_intel.macosx_10_9_intel.macosx_10_9_x86_64.macosx_10_10_intel.macosx_10_10_x86_64.whl", hash = "sha256:96e49a0c82b4e3130093002f625545104037c2d25866fa2e0c90d6e54f5a1fbc"},
    {file = "numpy-1.16.0-cp35-cp35m-manylinux1_i686.whl", hash = "sha256:a1dd8221f0e69038748f47b8bb3248d0b9ecdf13fe837440951c3d5ff72639bb"},
    {file = "numpy-1.16.0-cp35-cp35m-manylinux1_x86_64.whl", hash = "sha256:3e90a9fce378114b6c2fc01fff7423300515c7b54b7cc71b02a22bc0bd7dfdd8"},
    {file = "numpy-1.16.0-cp35-cp35m-win32.whl", hash = "sha256:0470c5dc32212a08ebc2405f32e8ceb9a5b1c8ac61a2daf9835ec0856a220495"},
    {file = "numpy-1.16.0-cp35-cp35m-win_amd64.whl", hash = "sha256:c40cb17188f6ae3c5b6efc6f0fd43a7ddd219b7807fe179e71027849a9b91afc"},
    {file = "numpy-1.16.0-cp36-cp36m-macosx_10_6_intel.macosx_10_9_intel.macosx_10_9_x86_64.macosx_10_10_intel.macosx_10_10_x86_64.whl", hash = "sha256:00a458d6821b1e87be873f2126d5646b901047a7480e8ae9773ecf214f0e19f3"},
    {file = "numpy-1.16.0-cp36-cp36m-manylinux1_i686.whl", hash = "sha256:f1232f98a6bbd6d1678249f94028bccc541bbc306aa5c4e1471a881b0e5a3409"},
    {file = "numpy-1.16.0-cp36-cp36m-manylinux1_x86_64.whl", hash = "sha256:2d279bd99329e72c30937bdef82b6dc7779c7607c5a379bab1bf76be1f4c1422"},
    {file = "numpy-1.16.0-cp36-cp36m-win32.whl", hash = "sha256:95c830b09626508f7808ce7f1344fb98068e63143e6050e5dc3063142fc60007"},
    {file = "numpy-1.16.0-cp36-cp36m-win_amd64.whl", hash = "sha256:ef4ae41add536cb825d8aa029c15ef510aead06ea5b68daea64f0b9ecbff17db"},
    {file = "numpy-1.16.0-cp37-cp37m-macosx_10_6_intel.macosx_10_9_intel.macosx_10_9_x86_64.macosx_10_10_intel.macosx_10_10_x86_64.whl", hash = "sha256:32af2bcf4bb7631dac19736a6e092ec9715e770dcaa1f85fcd99dec5040b2a4d"},
    {file = "numpy-1.16.0-cp37-cp37m-manylinux1_i686.whl", hash = "sha256:c6251e0f0ecac53ba2b99d9f0cc16fa9021914a78869c38213c436ba343641f0"},
    {file = "numpy-1.16.0-cp37-cp37m-manylinux1_x86_64.whl", hash = "sha256:b19a47ff1bd2fca0cacdfa830c967746764c32dca6a0c0328d9c893f4bfe2f6b"},
    {file = "numpy-1.16.0-cp37-cp37m-win32.whl", hash = "sha256:fea682f6ddc09517df0e6d5caad9613c6d91a42232aeb082df67e4d205de19cc"},
    {file = "numpy-1.16.0-cp37-cp37m-win_amd64.whl", hash = "sha256:64ff21aac30d40c20ba994c94a08d439b8ced3b9c704af897e9e4ba09d10e62c"},
    {file = "numpy-1.16.0.zip", hash = "sha256:cb189bd98b2e7ac02df389b6212846ab20661f4bafe16b5a70a6f1728c1cc7cb"},
]

[[package]]
name = "pennylane-lightning"
version = "0.34.0"
description = "PennyLane-Lightning plugin"
optional = false
python-versions = "*"
files = [
    {file = "PennyLane_Lightning-0.34.0-cp310-cp310-macosx_11_0_arm64.whl", hash = "sha256:5502d9c8122f6b02e6e70aa5f320f87992f0d62a8720f31e194968b90b26dea0"},
    {file = "PennyLane_Lightning-0.34.0-cp310-cp310-macosx_11_0_x86_64.whl", hash = "sha256:ad4afa91ec848643764cdfa6d965c61868152172f9670144a06f8041d24cb984"},
    {file = "PennyLane_Lightning-0.34.0-cp310-cp310-manylinux_2_17_aarch64.manylinux2014_aarch64.whl", hash = "sha256:c05868bb4281f6588fef19f09d54fd4f5ea1182dd88acdcc06a0e8b77b95bf69"},
    {file = "PennyLane_Lightning-0.34.0-cp310-cp310-manylinux_2_17_ppc64le.manylinux2014_ppc64le.whl", hash = "sha256:d10b696b55ba4fac519d4b1880b74af674a48729d46f32dac1da1b1404badae3"},
    {file = "PennyLane_Lightning-0.34.0-cp310-cp310-manylinux_2_17_x86_64.manylinux2014_x86_64.whl", hash = "sha256:be69e7cd6d3f5fda6011ba6428f9e8d11e32482403b4d26d94636efd3455b461"},
    {file = "PennyLane_Lightning-0.34.0-cp310-cp310-win_amd64.whl", hash = "sha256:af6a9efc21789d2fac03ff612b4d89b55fe28018641175bbdc3ac171c087ac70"},
    {file = "PennyLane_Lightning-0.34.0-cp311-cp311-macosx_11_0_arm64.whl", hash = "sha256:801975e8d1612ca79a31d335e2b38fbe5fe5bb6858b908bbb184307bd91f0417"},
    {file = "PennyLane_Lightning-0.34.0-cp311-cp311-macosx_11_0_x86_64.whl", hash = "sha256:c3f5f44850b19ebed9dd3e74d1a17545dc4dd146668da96bfb06f2cdc78c80ce"},
    {file = "PennyLane_Lightning-0.34.0-cp311-cp311-manylinux_2_17_aarch64.manylinux2014_aarch64.whl", hash = "sha256:a629263a0e05dbdac3a2f89a4205769f7a0ce78e8c0a61dc5d44b412c4ae9ab6"},
    {file = "PennyLane_Lightning-0.34.0-cp311-cp311-manylinux_2_17_ppc64le.manylinux2014_ppc64le.whl", hash = "sha256:ed2f0d079a10418d7e64e68fd4584db1fb0ef9d1bb9e9af9a3d813449375fa88"},
    {file = "PennyLane_Lightning-0.34.0-cp311-cp311-manylinux_2_17_x86_64.manylinux2014_x86_64.whl", hash = "sha256:f22a609e23f0f353d66ac02808e479f4098b03cffe5d5201ca0c79b0a9aadd44"},
    {file = "PennyLane_Lightning-0.34.0-cp311-cp311-win_amd64.whl", hash = "sha256:7cb3db5f32d64ec9244338087e4b6b517c9ff883d5263a9a743ab320bc872e8b"},
    {file = "PennyLane_Lightning-0.34.0-cp312-cp312-macosx_11_0_arm64.whl", hash = "sha256:2f826e41d34829e6136dd0a33e6cffd52b279f9857951ed9502bccb4d947cf89"},
    {file = "PennyLane_Lightning-0.34.0-cp312-cp312-macosx_11_0_x86_64.whl", hash = "sha256:3975a7da1bb0e38c8431561553825944d4f18e2d5a8795a5908ae7a3498e4c67"},
    {file = "PennyLane_Lightning-0.34.0-cp312-cp312-manylinux_2_17_aarch64.manylinux2014_aarch64.whl", hash = "sha256:6e34fc31acc4e966323ea646a8d8279ad0258e492b6b3a110099cb82576eedef"},
    {file = "PennyLane_Lightning-0.34.0-cp312-cp312-manylinux_2_17_ppc64le.manylinux2014_ppc64le.whl", hash = "sha256:cb0b2df7629b13002716c5cb0760bc17b1b9a856d84e389084adaec3a7654550"},
    {file = "PennyLane_Lightning-0.34.0-cp312-cp312-manylinux_2_17_x86_64.manylinux2014_x86_64.whl", hash = "sha256:aab77eff590ad2d38d59e8fa1404194e723ae59555d5e6ac5d0c9d7472c21cb7"},
    {file = "PennyLane_Lightning-0.34.0-cp312-cp312-win_amd64.whl", hash = "sha256:c04629344700e77b30c03b445a2e8824445fb16b5fa61182e85736827dd4b6a8"},
    {file = "PennyLane_Lightning-0.34.0-cp39-cp39-macosx_11_0_arm64.whl", hash = "sha256:3921086f3d2a8e3900b4a56e6a5b2923ba43495de5b03daae61a7ca7aceb1be2"},
    {file = "PennyLane_Lightning-0.34.0-cp39-cp39-macosx_11_0_x86_64.whl", hash = "sha256:06bc845b492c6af2650e4bbc31aec21323c3d30919e9bf303771e1caf770add9"},
    {file = "PennyLane_Lightning-0.34.0-cp39-cp39-manylinux_2_17_aarch64.manylinux2014_aarch64.whl", hash = "sha256:5ea4a0ee2e268ad81776a14fbb98ee6b7b16ccd8cc456fc45856110645681295"},
    {file = "PennyLane_Lightning-0.34.0-cp39-cp39-manylinux_2_17_ppc64le.manylinux2014_ppc64le.whl", hash = "sha256:72fb662a84c9313de3f337250e9af06bbc5528c6c7da8ac6138aaeaacd6a6030"},
    {file = "PennyLane_Lightning-0.34.0-cp39-cp39-manylinux_2_17_x86_64.manylinux2014_x86_64.whl", hash = "sha256:002b033ec021b62529394b871994937fdfeba46a4897d8bc6486577bbf0844dc"},
    {file = "PennyLane_Lightning-0.34.0-cp39-cp39-win_amd64.whl", hash = "sha256:70f6337932d677dd4fc9efef67bd0f20ded8122cc9d7f1f9d8dd968940042685"},
    {file = "PennyLane_Lightning-0.34.0-py3-none-any.whl", hash = "sha256:503260d168e2462a14e81c7c8cc35dc104ee2760e8ebba7a6181ecb97d84f7aa"},
    {file = "PennyLane_Lightning-0.34.0.tar.gz", hash = "sha256:e39624d7c9b6de66b149fc1538546d5f743b073a935262471277101a0d39a22b"},
]

[package.dependencies]
pennylane = ">=0.33"

[package.extras]
gpu = ["pennylane-lightning-gpu"]
kokkos = ["pennylane-lightning-kokkos"]

[[package]]
name = "requests"
version = "2.31.0"
description = "Python HTTP for Humans."
optional = false
python-versions = ">=3.7"
files = [
    {file = "requests-2.31.0-py3-none-any.whl", hash = "sha256:58cd2187c01e70e6e26505bca751777aa9f2ee0b7f4300988b709f44e013003f"},
    {file = "requests-2.31.0.tar.gz", hash = "sha256:942c5a758f98d790eaed1a29cb6eefc7ffb0d1cf7af05c3d2791656dbd6ad1e1"},
]

[package.dependencies]
certifi = ">=2017.4.17"
charset-normalizer = ">=2,<4"
idna = ">=2.5,<4"
urllib3 = ">=1.21.1,<3"

[package.extras]
socks = ["PySocks (>=1.5.6,!=1.5.7)"]
use-chardet-on-py3 = ["chardet (>=3.0.2,<6)"]

[[package]]
name = "rustworkx"
version = "0.12.0"
description = "A python graph library implemented in Rust"
optional = false
python-versions = ">=3.7"
files = [
    {file = "rustworkx-0.12.0-cp310-cp310-macosx_10_9_universal2.whl", hash = "sha256:d9777eaab91dacfc444084436b5ea102794798f81913a9fd86be6a382827c71f"},
    {file = "rustworkx-0.12.0-cp310-cp310-macosx_10_9_x86_64.whl", hash = "sha256:63fd2b08f798fd36e7d5f48fbf0f4d8dfdf3412bb0dbb9cd1de8d0d2518f148e"},
    {file = "rustworkx-0.12.0-cp310-cp310-macosx_11_0_arm64.whl", hash = "sha256:1038b26994b0a9b40cdc67e45fff1c8b48f3a35d14f7b3df3c8123c545354a75"},
    {file = "rustworkx-0.12.0-cp310-cp310-manylinux_2_17_aarch64.manylinux2014_aarch64.whl", hash = "sha256:c4cf2692b415ef1d943915a9c2119fd88500a9d9f2d049392c11fc9e20d29daa"},
    {file = "rustworkx-0.12.0-cp310-cp310-manylinux_2_17_ppc64le.manylinux2014_ppc64le.whl", hash = "sha256:37707b50110c75bfe2baf02081ece92747a7dff52f389f118a827e0d8b12ce69"},
    {file = "rustworkx-0.12.0-cp310-cp310-manylinux_2_17_s390x.manylinux2014_s390x.whl", hash = "sha256:88c090ef667ea5aba176188d5a23b015b97d16e7e108ccabc1710f9b7aeec9a8"},
    {file = "rustworkx-0.12.0-cp310-cp310-manylinux_2_17_x86_64.manylinux2014_x86_64.whl", hash = "sha256:d08b3c887032dc08319e820d250a86a8d4d864934f3786980db08d9707dcdc83"},
    {file = "rustworkx-0.12.0-cp310-cp310-manylinux_2_5_i686.manylinux1_i686.manylinux_2_17_i686.manylinux2014_i686.whl", hash = "sha256:deb05c2590da5f9f37e1cf26a040c2849f4d2e982a61aab0f2cd85a3f0980714"},
    {file = "rustworkx-0.12.0-cp310-cp310-win32.whl", hash = "sha256:0b102416704279fae5b820b3d9ee70e4ad764778cc99fe73800ee746c2f8dce6"},
    {file = "rustworkx-0.12.0-cp310-cp310-win_amd64.whl", hash = "sha256:fd2fe9172c53c0687b2d3a56a93327c46b11319b51645c97fe1a631453403a9c"},
    {file = "rustworkx-0.12.0-cp311-cp311-macosx_10_9_universal2.whl", hash = "sha256:e5e8c66bc80bbcdf3fe5a6fd046fab00bb7c4ca7a6333df2a1cf098d9d1add81"},
    {file = "rustworkx-0.12.0-cp311-cp311-macosx_10_9_x86_64.whl", hash = "sha256:e9ed073f27a437fe1386e34ec1e3632d345fff845d4f9036f4f181aaee422916"},
    {file = "rustworkx-0.12.0-cp311-cp311-macosx_11_0_arm64.whl", hash = "sha256:6ccfdfc8ccbd8ce469f96c9f626c146a32342577887b0118873f2116700221d5"},
    {file = "rustworkx-0.12.0-cp311-cp311-manylinux_2_17_aarch64.manylinux2014_aarch64.whl", hash = "sha256:22749239af7227684feb14c5f76d699e18683f571128bbcc733c499a010dca98"},
    {file = "rustworkx-0.12.0-cp311-cp311-manylinux_2_17_ppc64le.manylinux2014_ppc64le.whl", hash = "sha256:2494ad96fb8e300f6cbd2ecda93f7061f609a80d9ce1679173f7e4113dcc0a6d"},
    {file = "rustworkx-0.12.0-cp311-cp311-manylinux_2_17_s390x.manylinux2014_s390x.whl", hash = "sha256:cd284e8ca4a400292d51da809ae7a668f0b0e0f18de080d8d38ced32fb973cc9"},
    {file = "rustworkx-0.12.0-cp311-cp311-manylinux_2_17_x86_64.manylinux2014_x86_64.whl", hash = "sha256:3e10f154f6d845763146db8177ba43ebf3477dbf42a4ef0b976f45b8dce985da"},
    {file = "rustworkx-0.12.0-cp311-cp311-manylinux_2_5_i686.manylinux1_i686.manylinux_2_17_i686.manylinux2014_i686.whl", hash = "sha256:c783f0b620e6d2ed321b6c0615c99390e1e2be6c76e5c81baf1bfd796dc3b0b7"},
    {file = "rustworkx-0.12.0-cp311-cp311-win32.whl", hash = "sha256:f46334a7bd43fd9b49ac777874d956402e0c5968dcc7bd7fa0c682399b15c7b9"},
    {file = "rustworkx-0.12.0-cp311-cp311-win_amd64.whl", hash = "sha256:59b89ad8bf3311f695077b9803e0b2084e1364f79fde34846ac44fc36078ba09"},
    {file = "rustworkx-0.12.0-cp37-cp37m-macosx_10_9_x86_64.whl", hash = "sha256:f8b0d7854c233da7fb65ee25a69f0672c6dad1d58506b092447630600ff1e3a3"},
    {file = "rustworkx-0.12.0-cp37-cp37m-manylinux_2_17_aarch64.manylinux2014_aarch64.whl", hash = "sha256:e1ef6c7b7d5c6326bc0b327336094999010011c6c73a3ddb8ba626a3c06bf90d"},
    {file = "rustworkx-0.12.0-cp37-cp37m-manylinux_2_17_ppc64le.manylinux2014_ppc64le.whl", hash = "sha256:5b768a405e3afb153ae43a5764ed6cd4f25af37410bf55273ce0f7db8e6d536f"},
    {file = "rustworkx-0.12.0-cp37-cp37m-manylinux_2_17_s390x.manylinux2014_s390x.whl", hash = "sha256:f4d5421812ee36effcffde75e8f384eda1e323ffb42a17d6ed75192e1e00603d"},
    {file = "rustworkx-0.12.0-cp37-cp37m-manylinux_2_17_x86_64.manylinux2014_x86_64.whl", hash = "sha256:513e65fa4a1b84a0e42efcbfb65100a76d1cf06bcec3ee17fc6a30b77a06f85b"},
    {file = "rustworkx-0.12.0-cp37-cp37m-manylinux_2_5_i686.manylinux1_i686.manylinux_2_17_i686.manylinux2014_i686.whl", hash = "sha256:92a0af209e4970a4d54f4074346d3f44745ca3628f4682217f8071268fee6880"},
    {file = "rustworkx-0.12.0-cp37-cp37m-win32.whl", hash = "sha256:04d9fd9f566996bac0fddebc27bbb8892b13e3fbf24bbaf1fa94d1a13b711387"},
    {file = "rustworkx-0.12.0-cp37-cp37m-win_amd64.whl", hash = "sha256:7feb45eee5b8fa1ec8b570d99309f9e3a110fa864c8bcac5434215de58052071"},
    {file = "rustworkx-0.12.0-cp38-cp38-macosx_10_9_universal2.whl", hash = "sha256:01e3cbb2f29db4193b43947eb8838a163a90a23f568b578efd5290c01352721f"},
    {file = "rustworkx-0.12.0-cp38-cp38-macosx_10_9_x86_64.whl", hash = "sha256:3996949f7759abf0ebfab7148a9e2c1a761f5a75300877998a71d706c5f83911"},
    {file = "rustworkx-0.12.0-cp38-cp38-macosx_11_0_arm64.whl", hash = "sha256:65f48baa5c8b995fae9dd6bf7536b97f0fe7b1ce7e2f6bed225df498b6380ef0"},
    {file = "rustworkx-0.12.0-cp38-cp38-manylinux_2_17_aarch64.manylinux2014_aarch64.whl", hash = "sha256:209fceeee41fc8b0c9c683caa17d3722f00a2e04d94b0dbb1f957923f8c5afc2"},
    {file = "rustworkx-0.12.0-cp38-cp38-manylinux_2_17_ppc64le.manylinux2014_ppc64le.whl", hash = "sha256:15f06bc35a4b1fd5ff60f60a8df4b9f889efc5eb1091316b5bcbb4aa53a57f93"},
    {file = "rustworkx-0.12.0-cp38-cp38-manylinux_2_17_s390x.manylinux2014_s390x.whl", hash = "sha256:dea41b03b51ecafe86024c12450ca5fa188542825d09a2ee2bb191a9159bebbf"},
    {file = "rustworkx-0.12.0-cp38-cp38-manylinux_2_17_x86_64.manylinux2014_x86_64.whl", hash = "sha256:e28f74f735b70bccad43f524dd41989815ba2c997abb7e1a1d74a37a34311a22"},
    {file = "rustworkx-0.12.0-cp38-cp38-manylinux_2_5_i686.manylinux1_i686.manylinux_2_17_i686.manylinux2014_i686.whl", hash = "sha256:c05d7a6f5fb5fbcc095b209b5042df82243c996411b8514fc55e0b75b909762e"},
    {file = "rustworkx-0.12.0-cp38-cp38-win32.whl", hash = "sha256:6f6b5b7ab12d5be18a0f87a2e48d613ea09b12ee3fd15213e12de18c720c3ae7"},
    {file = "rustworkx-0.12.0-cp38-cp38-win_amd64.whl", hash = "sha256:2238c22e35298b0247da94a02c7791a442d01e4c687e81411a38fcecbcd6dd0a"},
    {file = "rustworkx-0.12.0-cp39-cp39-macosx_10_9_universal2.whl", hash = "sha256:7daccd6ca0c8fd939bfc26416bc0837016d8c9b7d2636dc7efa5b7b8e437c534"},
    {file = "rustworkx-0.12.0-cp39-cp39-macosx_10_9_x86_64.whl", hash = "sha256:43d69427f7d427ad6a22f16b03df1574d1765db76ed1413de0942235912dea0e"},
    {file = "rustworkx-0.12.0-cp39-cp39-macosx_11_0_arm64.whl", hash = "sha256:95b12de6dd02afbd4e1feca0e20950b2b33c2b32b6dfbe9e8e2b74acb0a90387"},
    {file = "rustworkx-0.12.0-cp39-cp39-manylinux_2_17_aarch64.manylinux2014_aarch64.whl", hash = "sha256:a347df76b2ae4652e2427cf4ef19c4bccbc6d17069b1ec08123844a3b6f3f8ec"},
    {file = "rustworkx-0.12.0-cp39-cp39-manylinux_2_17_ppc64le.manylinux2014_ppc64le.whl", hash = "sha256:6f5dc64ef2ec1a867d4b1bf2e0bc3505eb48f5366f04526e1ace5b1bc7cf76a3"},
    {file = "rustworkx-0.12.0-cp39-cp39-manylinux_2_17_s390x.manylinux2014_s390x.whl", hash = "sha256:6ce2f0e9aeeb9db960b5e9955cac90ccbf3f2ed3265815fc75ce2fc5b1ff226b"},
    {file = "rustworkx-0.12.0-cp39-cp39-manylinux_2_17_x86_64.manylinux2014_x86_64.whl", hash = "sha256:78b49f5b63961a42baa809badf6a49c3e34867cf2da1ab1fde651eb679b9f1b5"},
    {file = "rustworkx-0.12.0-cp39-cp39-manylinux_2_5_i686.manylinux1_i686.manylinux_2_17_i686.manylinux2014_i686.whl", hash = "sha256:06850ac706003d71437372926fd9d33237f039cc4cf7b75469a3e5b0743e2cfa"},
    {file = "rustworkx-0.12.0-cp39-cp39-win32.whl", hash = "sha256:58bc74f4da01271cbd192cbb95ee79f164d639cb6bf6e4d9fa8499266b791809"},
    {file = "rustworkx-0.12.0-cp39-cp39-win_amd64.whl", hash = "sha256:b5afb3180bae2bbebe77b27cdbacf34f9a10825d8bfab4cd8128094bb0ca5ca1"},
    {file = "rustworkx-0.12.0.tar.gz", hash = "sha256:0b871e1463a6677d0fd2fc00adfb774283045d38740bd1b7ea5a1a729de06aa1"},
]

[package.dependencies]
numpy = ">=1.16.0"

[package.extras]
all = ["matplotlib (>=3.0)", "pillow (>=5.4)"]
graphviz = ["pillow (>=5.4)"]
mpl = ["matplotlib (>=3.0)"]

[[package]]
name = "scipy"
version = "1.0.0"
description = "SciPy: Scientific Library for Python"
optional = false
python-versions = ">=2.7,!=3.0.*,!=3.1.*,!=3.2.*,!=3.3.*"
files = [
    {file = "scipy-1.0.0-cp27-cp27m-macosx_10_6_intel.macosx_10_9_intel.macosx_10_9_x86_64.macosx_10_10_intel.macosx_10_10_x86_64.whl", hash = "sha256:70e6fc3f2f52c9152f05e27eb9bd8543cb862cacb71f8521a571e4ffb837f450"},
    {file = "scipy-1.0.0-cp27-cp27m-manylinux1_i686.whl", hash = "sha256:08041e5336fcd57defcc78650b44b3df652eff3e3a801638d894e50494fb630d"},
    {file = "scipy-1.0.0-cp27-cp27m-manylinux1_x86_64.whl", hash = "sha256:ff8b6637d8d2c074ed67f3d57513e62f94747c6f1210f43e60ad3d8e93a424e4"},
    {file = "scipy-1.0.0-cp27-cp27mu-manylinux1_i686.whl", hash = "sha256:5964dba6a3c0be226d44d2520de8fb4ba1501768bad57eec687d36d3f53b6254"},
    {file = "scipy-1.0.0-cp27-cp27mu-manylinux1_x86_64.whl", hash = "sha256:bf36f3485e7b7291c36330a93bbfd4f5e8db23bbe4ea46c37b2839fef463f4e2"},
    {file = "scipy-1.0.0-cp27-none-win32.whl", hash = "sha256:e3a5673c105eab802fdecb77f102d877352e201df9328698a265b7f57546b34b"},
    {file = "scipy-1.0.0-cp27-none-win_amd64.whl", hash = "sha256:cd23894e1cc6eaa00e6807b6b12e4ca66d5ff092986c9c3eb01e97f24e2d6462"},
    {file = "scipy-1.0.0-cp34-cp34m-macosx_10_6_intel.macosx_10_9_intel.macosx_10_9_x86_64.macosx_10_10_intel.macosx_10_10_x86_64.whl", hash = "sha256:23a7238279ae94e088396b8b05a9795ef598dc79c5cd1adb91ad1ff87c7514fd"},
    {file = "scipy-1.0.0-cp34-cp34m-manylinux1_i686.whl", hash = "sha256:3b66d5e40152175bca75cbbfd1eb5c108c50de9ae5625923f1c4f8f51cbe2dea"},
    {file = "scipy-1.0.0-cp34-cp34m-manylinux1_x86_64.whl", hash = "sha256:fa17be6c66985931d3a391f61a6ba97c902585cf26020aa3eb24604115732d22"},
    {file = "scipy-1.0.0-cp34-none-win32.whl", hash = "sha256:d84df0bc86bbdd49f0a6b6bad5cd62ccb02a3bfe546bf79263de44ae081bcd7b"},
    {file = "scipy-1.0.0-cp34-none-win_amd64.whl", hash = "sha256:912499ddb521b7ac6287ac4ccf5f296a83d38996c2d04f43c9e62a91f7b420aa"},
    {file = "scipy-1.0.0-cp35-cp35m-macosx_10_6_intel.macosx_10_9_intel.macosx_10_9_x86_64.macosx_10_10_intel.macosx_10_10_x86_64.whl", hash = "sha256:889602ead28054a15e8c26e1a6b8420d5a4fa777cfeb3ec98cfa52b9f317d153"},
    {file = "scipy-1.0.0-cp35-cp35m-manylinux1_i686.whl", hash = "sha256:5774adb6047983489bc81edaa72cd132e665e5680f0b2cf8ea28cd3b99e65d39"},
    {file = "scipy-1.0.0-cp35-cp35m-manylinux1_x86_64.whl", hash = "sha256:01c7040a83eb4e020ab729488637dcadef54cb728b035b76668ab92a72515d60"},
    {file = "scipy-1.0.0-cp35-none-win32.whl", hash = "sha256:046705c604c6f1d63cad3e89677c0618b7abb40ed09a4c241c671a2d8e5128a9"},
    {file = "scipy-1.0.0-cp35-none-win_amd64.whl", hash = "sha256:1f58fbd59e8d9652759df0d137832ff2a325ed708c173cba20c86589d811c210"},
    {file = "scipy-1.0.0-cp36-cp36m-macosx_10_6_intel.macosx_10_9_intel.macosx_10_9_x86_64.macosx_10_10_intel.macosx_10_10_x86_64.whl", hash = "sha256:424500b2fe573d30de6dea927076c01acaadb3efb3d1f40340e8cc37151ccf27"},
    {file = "scipy-1.0.0-cp36-cp36m-manylinux1_i686.whl", hash = "sha256:97123a25216616723083942eb595f47fee18da6b637a88b803de5f078009003c"},
    {file = "scipy-1.0.0-cp36-cp36m-manylinux1_x86_64.whl", hash = "sha256:a79b99b8b5af9a63312bd053bbb7bdb7710e6bbb9cc81617f9f6b9b1e49c72f8"},
    {file = "scipy-1.0.0-cp36-none-win32.whl", hash = "sha256:9bd193686fd837472bdb6425486cb234ed0a4db76b930c141cc8d095ab213c8d"},
    {file = "scipy-1.0.0-cp36-none-win_amd64.whl", hash = "sha256:a9e479648aab5f36330da94f351ebbfe79acb4e6f5e6ac6aeddc9291eb096839"},
    {file = "scipy-1.0.0.tar.gz", hash = "sha256:87ea1f11a0e9ec08c264dc64551d501fa307289460705f6fccd84cbfc7926d10"},
]

[package.dependencies]
numpy = ">=1.8.2"

[[package]]
name = "semantic-version"
version = "2.10.0"
description = "A library implementing the 'SemVer' scheme."
optional = false
python-versions = ">=2.7"
files = [
    {file = "semantic_version-2.10.0-py2.py3-none-any.whl", hash = "sha256:de78a3b8e0feda74cabc54aab2da702113e33ac9d9eb9d2389bcf1f58b7d9177"},
    {file = "semantic_version-2.10.0.tar.gz", hash = "sha256:bdabb6d336998cbb378d4b9db3a4b56a1e3235701dc05ea2690d9a997ed5041c"},
]

[package.extras]
dev = ["Django (>=1.11)", "check-manifest", "colorama (<=0.4.1)", "coverage", "flake8", "nose2", "readme-renderer (<25.0)", "tox", "wheel", "zest.releaser[recommended]"]
doc = ["Sphinx", "sphinx-rtd-theme"]

[[package]]
name = "toml"
version = "0.6.0"
description = "Python Library for Tom's Obvious, Minimal Language"
optional = false
python-versions = "*"
files = [
    {file = "toml-0.6.0.tar.gz", hash = "sha256:0103cd3598cac83f5c4eb281c1e3381aec214776b8c719a373c7d07f52c18d9b"},
]

[[package]]
name = "typing-extensions"
version = "4.5.0"
description = "Backported and Experimental Type Hints for Python 3.7+"
optional = false
python-versions = ">=3.7"
files = [
    {file = "typing_extensions-4.5.0-py3-none-any.whl", hash = "sha256:fb33085c39dd998ac16d1431ebc293a8b3eedd00fd4a32de0ff79002c19511b4"},
    {file = "typing_extensions-4.5.0.tar.gz", hash = "sha256:5cb5f4a79139d699607b3ef622a1dedafa84e115ab0024e0d9c044a9479ca7cb"},
]

[[package]]
name = "urllib3"
version = "2.1.0"
description = "HTTP library with thread-safe connection pooling, file post, and more."
optional = false
python-versions = ">=3.8"
files = [
    {file = "urllib3-2.1.0-py3-none-any.whl", hash = "sha256:55901e917a5896a349ff771be919f8bd99aff50b79fe58fec595eb37bbc56bb3"},
    {file = "urllib3-2.1.0.tar.gz", hash = "sha256:df7aa8afb0148fa78488e7899b2c59b5f4ffcfa82e6c54ccb9dd37c1d7b52d54"},
]

[package.extras]
brotli = ["brotli (>=1.0.9)", "brotlicffi (>=0.8.0)"]
socks = ["pysocks (>=1.5.6,!=1.5.7,<2.0)"]
zstd = ["zstandard (>=0.18.0)"]

[metadata]
lock-version = "2.0"
python-versions = ">=3.9.0,<3.12"
content-hash = "6113379bc0a1a77c1585b8a4429978e6a399409d97c6da216ca9b67bd8bf6976"
